
Microsoft Visual Studio Solution File, Format Version 12.00
# Visual Studio Version 17
VisualStudioVersion = 17.10.35013.160
MinimumVisualStudioVersion = 10.0.40219.1
Project("{FAE04EC0-301F-11D3-BF4B-00C04F79EFBC}") = "Session2", "Session2\Session2.csproj", "{2A046B6C-C1C9-4071-9677-88E14343260E}"
EndProject
Project("{FAE04EC0-301F-11D3-BF4B-00C04F79EFBC}") = "Assignment02", "Assignment02\Assignment02.csproj", "{600A875B-E89C-415F-855D-44E8797A6A22}"
EndProject
Global
	GlobalSection(SolutionConfigurationPlatforms) = preSolution
		Debug|Any CPU = Debug|Any CPU
		Release|Any CPU = Release|Any CPU
	EndGlobalSection
	GlobalSection(ProjectConfigurationPlatforms) = postSolution
		{2A046B6C-C1C9-4071-9677-88E14343260E}.Debug|Any CPU.ActiveCfg = Debug|Any CPU
		{2A046B6C-C1C9-4071-9677-88E14343260E}.Debug|Any CPU.Build.0 = Debug|Any CPU
		{2A046B6C-C1C9-4071-9677-88E14343260E}.Release|Any CPU.ActiveCfg = Release|Any CPU
		{2A046B6C-C1C9-4071-9677-88E14343260E}.Release|Any CPU.Build.0 = Release|Any CPU
		{600A875B-E89C-415F-855D-44E8797A6A22}.Debug|Any CPU.ActiveCfg = Debug|Any CPU
		{600A875B-E89C-415F-855D-44E8797A6A22}.Debug|Any CPU.Build.0 = Debug|Any CPU
		{600A875B-E89C-415F-855D-44E8797A6A22}.Release|Any CPU.ActiveCfg = Release|Any CPU
		{600A875B-E89C-415F-855D-44E8797A6A22}.Release|Any CPU.Build.0 = Release|Any CPU
	EndGlobalSection
	GlobalSection(SolutionProperties) = preSolution
		HideSolutionNode = FALSE
	EndGlobalSection
	GlobalSection(ExtensibilityGlobals) = postSolution
		SolutionGuid = {42C000A9-FE5A-4E32-B0AC-CF1F908B6D0C}
	EndGlobalSection
EndGlobal
